
Microsoft Visual Studio Solution File, Format Version 12.00
# Visual Studio Version 16
VisualStudioVersion = 16.0.32002.261
MinimumVisualStudioVersion = 10.0.40219.1
Project("{FAE04EC0-301F-11D3-BF4B-00C04F79EFBC}") = "NayeemSaleApp", "NayeemSaleApp\NayeemSaleApp.csproj", "{440D9B97-BDD5-4062-8805-C15C25796866}"
EndProject
Global
	GlobalSection(SolutionConfigurationPlatforms) = preSolution
		Debug|Any CPU = Debug|Any CPU
		Release|Any CPU = Release|Any CPU
	EndGlobalSection
	GlobalSection(ProjectConfigurationPlatforms) = postSolution
		{440D9B97-BDD5-4062-8805-C15C25796866}.Debug|Any CPU.ActiveCfg = Debug|Any CPU
		{440D9B97-BDD5-4062-8805-C15C25796866}.Debug|Any CPU.Build.0 = Debug|Any CPU
		{440D9B97-BDD5-4062-8805-C15C25796866}.Release|Any CPU.ActiveCfg = Release|Any CPU
		{440D9B97-BDD5-4062-8805-C15C25796866}.Release|Any CPU.Build.0 = Release|Any CPU
	EndGlobalSection
	GlobalSection(SolutionProperties) = preSolution
		HideSolutionNode = FALSE
	EndGlobalSection
	GlobalSection(ExtensibilityGlobals) = postSolution
		SolutionGuid = {6C117310-89D9-4ADA-8392-ADB8743F530F}
	EndGlobalSection
EndGlobal
